
Microsoft Visual Studio Solution File, Format Version 12.00
# Visual Studio Version 17
VisualStudioVersion = 17.10.35027.167
MinimumVisualStudioVersion = 10.0.40219.1
Project("{9A19103F-16F7-4668-BE54-9A1E7A4F7556}") = "MeetingScheduler.Api", "MeetingScheduler.Api\MeetingScheduler.Api.csproj", "{5F76F5C6-B5AD-4C7A-AAAF-61873DF749C5}"
EndProject
Project("{9A19103F-16F7-4668-BE54-9A1E7A4F7556}") = "MeetingScheduler.Bussines", "MeetingScheduler.Bussines\MeetingScheduler.Bussines.csproj", "{BB2EF06F-5378-4F66-8E14-F2A2B9BF7C73}"
EndProject
Project("{9A19103F-16F7-4668-BE54-9A1E7A4F7556}") = "MeetingScheduler.Infrastructure", "MeetingScheduler.Infrastructure\MeetingScheduler.Infrastructure.csproj", "{81501680-DB30-4CF9-89FC-EA2D50F0E0BE}"
EndProject
Project("{9A19103F-16F7-4668-BE54-9A1E7A4F7556}") = "MeetingScheduler.Api.Test", "MeetingSchedulerUnitTest\MeetingScheduler.Api.Test.csproj", "{EB5BFB9C-2BE2-45B0-B37E-7454B19088A8}"
EndProject
Project("{FAE04EC0-301F-11D3-BF4B-00C04F79EFBC}") = "MeetingScheduler.Bussines.Test", "MeetingScheduler.Bussines.Test\MeetingScheduler.Bussines.Test.csproj", "{B8E0CDED-59B2-4843-B8A6-A9E6705E9E73}"
EndProject
Global
	GlobalSection(SolutionConfigurationPlatforms) = preSolution
		Debug|Any CPU = Debug|Any CPU
		Release|Any CPU = Release|Any CPU
	EndGlobalSection
	GlobalSection(ProjectConfigurationPlatforms) = postSolution
		{5F76F5C6-B5AD-4C7A-AAAF-61873DF749C5}.Debug|Any CPU.ActiveCfg = Debug|Any CPU
		{5F76F5C6-B5AD-4C7A-AAAF-61873DF749C5}.Debug|Any CPU.Build.0 = Debug|Any CPU
		{5F76F5C6-B5AD-4C7A-AAAF-61873DF749C5}.Release|Any CPU.ActiveCfg = Release|Any CPU
		{5F76F5C6-B5AD-4C7A-AAAF-61873DF749C5}.Release|Any CPU.Build.0 = Release|Any CPU
		{BB2EF06F-5378-4F66-8E14-F2A2B9BF7C73}.Debug|Any CPU.ActiveCfg = Debug|Any CPU
		{BB2EF06F-5378-4F66-8E14-F2A2B9BF7C73}.Debug|Any CPU.Build.0 = Debug|Any CPU
		{BB2EF06F-5378-4F66-8E14-F2A2B9BF7C73}.Release|Any CPU.ActiveCfg = Release|Any CPU
		{BB2EF06F-5378-4F66-8E14-F2A2B9BF7C73}.Release|Any CPU.Build.0 = Release|Any CPU
		{81501680-DB30-4CF9-89FC-EA2D50F0E0BE}.Debug|Any CPU.ActiveCfg = Debug|Any CPU
		{81501680-DB30-4CF9-89FC-EA2D50F0E0BE}.Debug|Any CPU.Build.0 = Debug|Any CPU
		{81501680-DB30-4CF9-89FC-EA2D50F0E0BE}.Release|Any CPU.ActiveCfg = Release|Any CPU
		{81501680-DB30-4CF9-89FC-EA2D50F0E0BE}.Release|Any CPU.Build.0 = Release|Any CPU
		{EB5BFB9C-2BE2-45B0-B37E-7454B19088A8}.Debug|Any CPU.ActiveCfg = Debug|Any CPU
		{EB5BFB9C-2BE2-45B0-B37E-7454B19088A8}.Debug|Any CPU.Build.0 = Debug|Any CPU
		{EB5BFB9C-2BE2-45B0-B37E-7454B19088A8}.Release|Any CPU.ActiveCfg = Release|Any CPU
		{EB5BFB9C-2BE2-45B0-B37E-7454B19088A8}.Release|Any CPU.Build.0 = Release|Any CPU
		{B8E0CDED-59B2-4843-B8A6-A9E6705E9E73}.Debug|Any CPU.ActiveCfg = Debug|Any CPU
		{B8E0CDED-59B2-4843-B8A6-A9E6705E9E73}.Debug|Any CPU.Build.0 = Debug|Any CPU
		{B8E0CDED-59B2-4843-B8A6-A9E6705E9E73}.Release|Any CPU.ActiveCfg = Release|Any CPU
		{B8E0CDED-59B2-4843-B8A6-A9E6705E9E73}.Release|Any CPU.Build.0 = Release|Any CPU
	EndGlobalSection
	GlobalSection(SolutionProperties) = preSolution
		HideSolutionNode = FALSE
	EndGlobalSection
	GlobalSection(ExtensibilityGlobals) = postSolution
		SolutionGuid = {B15EBA4A-C348-46D6-A5F0-F97A99B13DF0}
	EndGlobalSection
EndGlobal
